// !$*UTF8*$!
{
	archiveVersion = 1;
	classes = {
	};
	objectVersion = 46;
	objects = {

/* Begin PBXBuildFile section */
		FB3581561E3E7E2B00638BB6 /* Assignment2.rtf in Resources */ = {isa = PBXBuildFile; fileRef = FB3581551E3E7E2B00638BB6 /* Assignment2.rtf */; };
		FBAD2DCB1E2BDE55008207C0 /* AppDelegate.swift in Sources */ = {isa = PBXBuildFile; fileRef = FBAD2DCA1E2BDE55008207C0 /* AppDelegate.swift */; };
		FBAD2DCD1E2BDE55008207C0 /* ViewController.swift in Sources */ = {isa = PBXBuildFile; fileRef = FBAD2DCC1E2BDE55008207C0 /* ViewController.swift */; };
		FBAD2DD01E2BDE55008207C0 /* Main.storyboard in Resources */ = {isa = PBXBuildFile; fileRef = FBAD2DCE1E2BDE55008207C0 /* Main.storyboard */; };
		FBAD2DD21E2BDE55008207C0 /* Assets.xcassets in Resources */ = {isa = PBXBuildFile; fileRef = FBAD2DD11E2BDE55008207C0 /* Assets.xcassets */; };
		FBAD2DD51E2BDE55008207C0 /* LaunchScreen.storyboard in Resources */ = {isa = PBXBuildFile; fileRef = FBAD2DD31E2BDE55008207C0 /* LaunchScreen.storyboard */; };
/* End PBXBuildFile section */

/* Begin PBXFileReference section */
		FB3581551E3E7E2B00638BB6 /* Assignment2.rtf */ = {isa = PBXFileReference; fileEncoding = 4; lastKnownFileType = text.rtf; path = Assignment2.rtf; sourceTree = "<group>"; };
		FBAD2DC71E2BDE55008207C0 /* Assignment2.app */ = {isa = PBXFileReference; explicitFileType = wrapper.application; includeInIndex = 0; path = Assignment2.app; sourceTree = BUILT_PRODUCTS_DIR; };
		FBAD2DCA1E2BDE55008207C0 /* AppDelegate.swift */ = {isa = PBXFileReference; lastKnownFileType = sourcecode.swift; path = AppDelegate.swift; sourceTree = "<group>"; };
		FBAD2DCC1E2BDE55008207C0 /* ViewController.swift */ = {isa = PBXFileReference; lastKnownFileType = sourcecode.swift; path = ViewController.swift; sourceTree = "<group>"; };
		FBAD2DCF1E2BDE55008207C0 /* Base */ = {isa = PBXFileReference; lastKnownFileType = file.storyboard; name = Base; path = Base.lproj/Main.storyboard; sourceTree = "<group>"; };
		FBAD2DD11E2BDE55008207C0 /* Assets.xcassets */ = {isa = PBXFileReference; lastKnownFileType = folder.assetcatalog; path = Assets.xcassets; sourceTree = "<group>"; };
		FBAD2DD41E2BDE55008207C0 /* Base */ = {isa = PBXFileReference; lastKnownFileType = file.storyboard; name = Base; path = Base.lproj/LaunchScreen.storyboard; sourceTree = "<group>"; };
		FBAD2DD61E2BDE55008207C0 /* Info.plist */ = {isa = PBXFileReference; lastKnownFileType = text.plist.xml; path = Info.plist; sourceTree = "<group>"; };
		FBAD2E7E1E2E56D1008207C0 /* Assignment2.playground */ = {isa = PBXFileReference; lastKnownFileType = file.playground; path = Assignment2.playground; sourceTree = "<group>"; };
/* End PBXFileReference section */

/* Begin PBXFrameworksBuildPhase section */
		FBAD2DC41E2BDE55008207C0 /* Frameworks */ = {
			isa = PBXFrameworksBuildPhase;
			buildActionMask = 2147483647;
			files = (
			);
			runOnlyForDeploymentPostprocessing = 0;
		};
/* End PBXFrameworksBuildPhase section */

/* Begin PBXGroup section */
		FBAD2DBE1E2BDE55008207C0 = {
			isa = PBXGroup;
			children = (
				FB3581551E3E7E2B00638BB6 /* Assignment2.rtf */,
				FBAD2E7E1E2E56D1008207C0 /* Assignment2.playground */,
				FBAD2DC91E2BDE55008207C0 /* Assignment2 */,
				FBAD2DC81E2BDE55008207C0 /* Products */,
			);
			sourceTree = "<group>";
		};
		FBAD2DC81E2BDE55008207C0 /* Products */ = {
			isa = PBXGroup;
			children = (
				FBAD2DC71E2BDE55008207C0 /* Assignment2.app */,
			);
			name = Products;
			sourceTree = "<group>";
		};
		FBAD2DC91E2BDE55008207C0 /* Assignment2 */ = {
			isa = PBXGroup;
			children = (
				FBAD2DCA1E2BDE55008207C0 /* AppDelegate.swift */,
				FBAD2DCC1E2BDE55008207C0 /* ViewController.swift */,
				FBAD2DCE1E2BDE55008207C0 /* Main.storyboard */,
				FBAD2DD11E2BDE55008207C0 /* Assets.xcassets */,
				FBAD2DD31E2BDE55008207C0 /* LaunchScreen.storyboard */,
				FBAD2DD61E2BDE55008207C0 /* Info.plist */,
			);
			path = Assignment2;
			sourceTree = "<group>";
		};
/* End PBXGroup section */

/* Begin PBXNativeTarget section */
		FBAD2DC61E2BDE55008207C0 /* Assignment2 */ = {
			isa = PBXNativeTarget;
			buildConfigurationList = FBAD2DD91E2BDE55008207C0 /* Build configuration list for PBXNativeTarget "Assignment2" */;
			buildPhases = (
				FBAD2DC31E2BDE55008207C0 /* Sources */,
				FBAD2DC41E2BDE55008207C0 /* Frameworks */,
				FBAD2DC51E2BDE55008207C0 /* Resources */,
			);
			buildRules = (
			);
			dependencies = (
			);
			name = Assignment2;
			productName = Assignment2;
			productReference = FBAD2DC71E2BDE55008207C0 /* Assignment2.app */;
			productType = "com.apple.product-type.application";
		};
/* End PBXNativeTarget section */

/* Begin PBXProject section */
		FBAD2DBF1E2BDE55008207C0 /* Project object */ = {
			isa = PBXProject;
			attributes = {
				LastSwiftUpdateCheck = 0820;
				LastUpgradeCheck = 0820;
				ORGANIZATIONNAME = "Harvard Division of Continuing Education";
				TargetAttributes = {
					FBAD2DC61E2BDE55008207C0 = {
						CreatedOnToolsVersion = 8.2.1;
						DevelopmentTeam = 56MEECX7CG;
						ProvisioningStyle = Automatic;
					};
				};
			};
			buildConfigurationList = FBAD2DC21E2BDE55008207C0 /* Build configuration list for PBXProject "Assignment2" */;
			compatibilityVersion = "Xcode 3.2";
			developmentRegion = English;
			hasScannedForEncodings = 0;
			knownRegions = (
				en,
				Base,
			);
			mainGroup = FBAD2DBE1E2BDE55008207C0;
			productRefGroup = FBAD2DC81E2BDE55008207C0 /* Products */;
			projectDirPath = "";
			projectRoot = "";
			targets = (
				FBAD2DC61E2BDE55008207C0 /* Assignment2 */,
			);
		};
/* End PBXProject section */

/* Begin PBXResourcesBuildPhase section */
		FBAD2DC51E2BDE55008207C0 /* Resources */ = {
			isa = PBXResourcesBuildPhase;
			buildActionMask = 2147483647;
			files = (
				FB3581561E3E7E2B00638BB6 /* Assignment2.rtf in Resources */,
				FBAD2DD51E2BDE55008207C0 /* LaunchScreen.storyboard in Resources */,
				FBAD2DD21E2BDE55008207C0 /* Assets.xcassets in Resources */,
				FBAD2DD01E2BDE55008207C0 /* Main.storyboard in Resources */,
			);
			runOnlyForDeploymentPostprocessing = 0;
		};
/* End PBXResourcesBuildPhase section */

/* Begin PBXSourcesBuildPhase section */
		FBAD2DC31E2BDE55008207C0 /* Sources */ = {
			isa = PBXSourcesBuildPhase;
			buildActionMask = 2147483647;
			files = (
				FBAD2DCD1E2BDE55008207C0 /* ViewController.swift in Sources */,
				FBAD2DCB1E2BDE55008207C0 /* AppDelegate.swift in Sources */,
			);
			runOnlyForDeploymentPostprocessing = 0;
		};
/* End PBXSourcesBuildPhase section */

/* Begin PBXVariantGroup section */
		FBAD2DCE1E2BDE55008207C0 /* Main.storyboard */ = {
			isa = PBXVariantGroup;
			children = (
				FBAD2DCF1E2BDE55008207C0 /* Base */,
			);
			name = Main.storyboard;
			sourceTree = "<group>";
		};
		FBAD2DD31E2BDE55008207C0 /* LaunchScreen.storyboard */ = {
			isa = PBXVariantGroup;
			children = (
				FBAD2DD41E2BDE55008207C0 /* Base */,
			);
			name = LaunchScreen.storyboard;
			sourceTree = "<group>";
		};
/* End PBXVariantGroup section */

/* Begin XCBuildConfiguration section */
		FBAD2DD71E2BDE55008207C0 /* Debug */ = {
			isa = XCBuildConfiguration;
			buildSettings = {
				ALWAYS_SEARCH_USER_PATHS = NO;
				CLANG_ANALYZER_NONNULL = YES;
				CLANG_CXX_LANGUAGE_STANDARD = "gnu++0x";
				CLANG_CXX_LIBRARY = "libc++";
				CLANG_ENABLE_MODULES = YES;
				CLANG_ENABLE_OBJC_ARC = YES;
				CLANG_WARN_BOOL_CONVERSION = YES;
				CLANG_WARN_CONSTANT_CONVERSION = YES;
				CLANG_WARN_DIRECT_OBJC_ISA_USAGE = YES_ERROR;
				CLANG_WARN_DOCUMENTATION_COMMENTS = YES;
				CLANG_WARN_EMPTY_BODY = YES;
				CLANG_WARN_ENUM_CONVERSION = YES;
				CLANG_WARN_INFINITE_RECURSION = YES;
				CLANG_WARN_INT_CONVERSION = YES;
				CLANG_WARN_OBJC_ROOT_CLASS = YES_ERROR;
				CLANG_WARN_SUSPICIOUS_MOVE = YES;
				CLANG_WARN_UNREACHABLE_CODE = YES;
				CLANG_WARN__DUPLICATE_METHOD_MATCH = YES;
				"CODE_SIGN_IDENTITY[sdk=iphoneos*]" = "iPhone Developer";
				COPY_PHASE_STRIP = NO;
				DEBUG_INFORMATION_FORMAT = dwarf;
				ENABLE_STRICT_OBJC_MSGSEND = YES;
				ENABLE_TESTABILITY = YES;
				GCC_C_LANGUAGE_STANDARD = gnu99;
				GCC_DYNAMIC_NO_PIC = NO;
				GCC_NO_COMMON_BLOCKS = YES;
				GCC_OPTIMIZATION_LEVEL = 0;
				GCC_PREPROCESSOR_DEFINITIONS = (
					"DEBUG=1",
					"$(inherited)",
				);
				GCC_WARN_64_TO_32_BIT_CONVERSION = YES;
				GCC_WARN_ABOUT_RETURN_TYPE = YES_ERROR;
				GCC_WARN_UNDECLARED_SELECTOR = YES;
				GCC_WARN_UNINITIALIZED_AUTOS = YES_AGGRESSIVE;
				GCC_WARN_UNUSED_FUNCTION = YES;
				GCC_WARN_UNUSED_VARIABLE = YES;
				IPHONEOS_DEPLOYMENT_TARGET = 10.2;
				MTL_ENABLE_DEBUG_INFO = YES;
				ONLY_ACTIVE_ARCH = YES;
				SDKROOT = iphoneos;
				SWIFT_ACTIVE_COMPILATION_CONDITIONS = DEBUG;
				SWIFT_OPTIMIZATION_LEVEL = "-Onone";
				TARGETED_DEVICE_FAMILY = "1,2";
			};
			name = Debug;
		};
		FBAD2DD81E2BDE55008207C0 /* Release */ = {
			isa = XCBuildConfiguration;
			buildSettings = {
				ALWAYS_SEARCH_USER_PATHS = NO;
				CLANG_ANALYZER_NONNULL = YES;
				CLANG_CXX_LANGUAGE_STANDARD = "gnu++0x";
				CLANG_CXX_LIBRARY = "libc++";
				CLANG_ENABLE_MODULES = YES;
				CLANG_ENABLE_OBJC_ARC = YES;
				CLANG_WARN_BOOL_CONVERSION = YES;
				CLANG_WARN_CONSTANT_CONVERSION = YES;
				CLANG_WARN_DIRECT_OBJC_ISA_USAGE = YES_ERROR;
				CLANG_WARN_DOCUMENTATION_COMMENTS = YES;
				CLANG_WARN_EMPTY_BODY = YES;
				CLANG_WARN_ENUM_CONVERSION = YES;
				CLANG_WARN_INFINITE_RECURSION = YES;
				CLANG_WARN_INT_CONVERSION = YES;
				CLANG_WARN_OBJC_ROOT_CLASS = YES_ERROR;
				CLANG_WARN_SUSPICIOUS_MOVE = YES;
				CLANG_WARN_UNREACHABLE_CODE = YES;
				CLANG_WARN__DUPLICATE_METHOD_MATCH = YES;
				"CODE_SIGN_IDENTITY[sdk=iphoneos*]" = "iPhone Developer";
				COPY_PHASE_STRIP = NO;
				DEBUG_INFORMATION_FORMAT = "dwarf-with-dsym";
				ENABLE_NS_ASSERTIONS = NO;
				ENABLE_STRICT_OBJC_MSGSEND = YES;
				GCC_C_LANGUAGE_STANDARD = gnu99;
				GCC_NO_COMMON_BLOCKS = YES;
				GCC_WARN_64_TO_32_BIT_CONVERSION = YES;
				GCC_WARN_ABOUT_RETURN_TYPE = YES_ERROR;
				GCC_WARN_UNDECLARED_SELECTOR = YES;
				GCC_WARN_UNINITIALIZED_AUTOS = YES_AGGRESSIVE;
				GCC_WARN_UNUSED_FUNCTION = YES;
				GCC_WARN_UNUSED_VARIABLE = YES;
				IPHONEOS_DEPLOYMENT_TARGET = 10.2;
				MTL_ENABLE_DEBUG_INFO = NO;
				SDKROOT = iphoneos;
				SWIFT_OPTIMIZATION_LEVEL = "-Owholemodule";
				TARGETED_DEVICE_FAMILY = "1,2";
				VALIDATE_PRODUCT = YES;
			};
			name = Release;
		};
		FBAD2DDA1E2BDE55008207C0 /* Debug */ = {
			isa = XCBuildConfiguration;
			buildSettings = {
				ASSETCATALOG_COMPILER_APPICON_NAME = AppIcon;
				DEVELOPMENT_TEAM = 56MEECX7CG;
				INFOPLIST_FILE = Assignment2/Info.plist;
				IPHONEOS_DEPLOYMENT_TARGET = 9.0;
				LD_RUNPATH_SEARCH_PATHS = "$(inherited) @executable_path/Frameworks";
				PRODUCT_BUNDLE_IDENTIFIER = edu.harvard.Assignment2;
				PRODUCT_NAME = "$(TARGET_NAME)";
				SWIFT_VERSION = 3.0;
			};
			name = Debug;
		};
		FBAD2DDB1E2BDE55008207C0 /* Release */ = {
			isa = XCBuildConfiguration;
			buildSettings = {
				ASSETCATALOG_COMPILER_APPICON_NAME = AppIcon;
				DEVELOPMENT_TEAM = 56MEECX7CG;
				INFOPLIST_FILE = Assignment2/Info.plist;
				IPHONEOS_DEPLOYMENT_TARGET = 9.0;
				LD_RUNPATH_SEARCH_PATHS = "$(inherited) @executable_path/Frameworks";
				PRODUCT_BUNDLE_IDENTIFIER = edu.harvard.Assignment2;
				PRODUCT_NAME = "$(TARGET_NAME)";
				SWIFT_VERSION = 3.0;
			};
			name = Release;
		};
/* End XCBuildConfiguration section */

/* Begin XCConfigurationList section */
		FBAD2DC21E2BDE55008207C0 /* Build configuration list for PBXProject "Assignment2" */ = {
			isa = XCConfigurationList;
			buildConfigurations = (
				FBAD2DD71E2BDE55008207C0 /* Debug */,
				FBAD2DD81E2BDE55008207C0 /* Release */,
			);
			defaultConfigurationIsVisible = 0;
			defaultConfigurationName = Release;
		};
		FBAD2DD91E2BDE55008207C0 /* Build configuration list for PBXNativeTarget "Assignment2" */ = {
			isa = XCConfigurationList;
			buildConfigurations = (
				FBAD2DDA1E2BDE55008207C0 /* Debug */,
				FBAD2DDB1E2BDE55008207C0 /* Release */,
			);
			defaultConfigurationIsVisible = 0;
			defaultConfigurationName = Release;
		};
/* End XCConfigurationList section */
	};
	rootObject = FBAD2DBF1E2BDE55008207C0 /* Project object */;
}
