// !$*UTF8*$!
{
	archiveVersion = 1;
	classes = {
	};
	objectVersion = 46;
	objects = {

/* Begin PBXBuildFile section */
		FBAD2E6B1E2BF8D4008207C0 /* AppDelegate.swift in Sources */ = {isa = PBXBuildFile; fileRef = FBAD2E6A1E2BF8D4008207C0 /* AppDelegate.swift */; };
		FBAD2E6D1E2BF8D4008207C0 /* SimulationViewController.swift in Sources */ = {isa = PBXBuildFile; fileRef = FBAD2E6C1E2BF8D4008207C0 /* SimulationViewController.swift */; };
		FBAD2E6F1E2BF8D4008207C0 /* InstrumentationViewController.swift in Sources */ = {isa = PBXBuildFile; fileRef = FBAD2E6E1E2BF8D4008207C0 /* InstrumentationViewController.swift */; };
		FBAD2E721E2BF8D4008207C0 /* Main.storyboard in Resources */ = {isa = PBXBuildFile; fileRef = FBAD2E701E2BF8D4008207C0 /* Main.storyboard */; };
		FBAD2E741E2BF8D4008207C0 /* Assets.xcassets in Resources */ = {isa = PBXBuildFile; fileRef = FBAD2E731E2BF8D4008207C0 /* Assets.xcassets */; };
		FBAD2E771E2BF8D4008207C0 /* LaunchScreen.storyboard in Resources */ = {isa = PBXBuildFile; fileRef = FBAD2E751E2BF8D4008207C0 /* LaunchScreen.storyboard */; };
		FBAD2EEE1E3E745A008207C0 /* Assignment1.rtf in Resources */ = {isa = PBXBuildFile; fileRef = FBAD2EED1E3E745A008207C0 /* Assignment1.rtf */; };
/* End PBXBuildFile section */

/* Begin PBXFileReference section */
		FBAD2E671E2BF8D4008207C0 /* Assignment1.app */ = {isa = PBXFileReference; explicitFileType = wrapper.application; includeInIndex = 0; path = Assignment1.app; sourceTree = BUILT_PRODUCTS_DIR; };
		FBAD2E6A1E2BF8D4008207C0 /* AppDelegate.swift */ = {isa = PBXFileReference; lastKnownFileType = sourcecode.swift; path = AppDelegate.swift; sourceTree = "<group>"; };
		FBAD2E6C1E2BF8D4008207C0 /* SimulationViewController.swift */ = {isa = PBXFileReference; lastKnownFileType = sourcecode.swift; path = SimulationViewController.swift; sourceTree = "<group>"; };
		FBAD2E6E1E2BF8D4008207C0 /* InstrumentationViewController.swift */ = {isa = PBXFileReference; lastKnownFileType = sourcecode.swift; path = InstrumentationViewController.swift; sourceTree = "<group>"; };
		FBAD2E711E2BF8D4008207C0 /* Base */ = {isa = PBXFileReference; lastKnownFileType = file.storyboard; name = Base; path = Base.lproj/Main.storyboard; sourceTree = "<group>"; };
		FBAD2E731E2BF8D4008207C0 /* Assets.xcassets */ = {isa = PBXFileReference; lastKnownFileType = folder.assetcatalog; path = Assets.xcassets; sourceTree = "<group>"; };
		FBAD2E761E2BF8D4008207C0 /* Base */ = {isa = PBXFileReference; lastKnownFileType = file.storyboard; name = Base; path = Base.lproj/LaunchScreen.storyboard; sourceTree = "<group>"; };
		FBAD2E781E2BF8D4008207C0 /* Info.plist */ = {isa = PBXFileReference; lastKnownFileType = text.plist.xml; path = Info.plist; sourceTree = "<group>"; };
		FBAD2EED1E3E745A008207C0 /* Assignment1.rtf */ = {isa = PBXFileReference; fileEncoding = 4; lastKnownFileType = text.rtf; path = Assignment1.rtf; sourceTree = "<group>"; };
/* End PBXFileReference section */

/* Begin PBXFrameworksBuildPhase section */
		FBAD2E641E2BF8D4008207C0 /* Frameworks */ = {
			isa = PBXFrameworksBuildPhase;
			buildActionMask = 2147483647;
			files = (
			);
			runOnlyForDeploymentPostprocessing = 0;
		};
/* End PBXFrameworksBuildPhase section */

/* Begin PBXGroup section */
		FBAD2E5E1E2BF8D4008207C0 = {
			isa = PBXGroup;
			children = (
				FBAD2EED1E3E745A008207C0 /* Assignment1.rtf */,
				FBAD2E691E2BF8D4008207C0 /* Assignment1 */,
				FBAD2E681E2BF8D4008207C0 /* Products */,
			);
			sourceTree = "<group>";
		};
		FBAD2E681E2BF8D4008207C0 /* Products */ = {
			isa = PBXGroup;
			children = (
				FBAD2E671E2BF8D4008207C0 /* Assignment1.app */,
			);
			name = Products;
			sourceTree = "<group>";
		};
		FBAD2E691E2BF8D4008207C0 /* Assignment1 */ = {
			isa = PBXGroup;
			children = (
				FBAD2E6A1E2BF8D4008207C0 /* AppDelegate.swift */,
				FBAD2E6C1E2BF8D4008207C0 /* SimulationViewController.swift */,
				FBAD2E6E1E2BF8D4008207C0 /* InstrumentationViewController.swift */,
				FBAD2E701E2BF8D4008207C0 /* Main.storyboard */,
				FBAD2E731E2BF8D4008207C0 /* Assets.xcassets */,
				FBAD2E751E2BF8D4008207C0 /* LaunchScreen.storyboard */,
				FBAD2E781E2BF8D4008207C0 /* Info.plist */,
			);
			path = Assignment1;
			sourceTree = "<group>";
		};
/* End PBXGroup section */

/* Begin PBXNativeTarget section */
		FBAD2E661E2BF8D4008207C0 /* Assignment1 */ = {
			isa = PBXNativeTarget;
			buildConfigurationList = FBAD2E7B1E2BF8D4008207C0 /* Build configuration list for PBXNativeTarget "Assignment1" */;
			buildPhases = (
				FBAD2E631E2BF8D4008207C0 /* Sources */,
				FBAD2E641E2BF8D4008207C0 /* Frameworks */,
				FBAD2E651E2BF8D4008207C0 /* Resources */,
			);
			buildRules = (
			);
			dependencies = (
			);
			name = Assignment1;
			productName = Assignment1;
			productReference = FBAD2E671E2BF8D4008207C0 /* Assignment1.app */;
			productType = "com.apple.product-type.application";
		};
/* End PBXNativeTarget section */

/* Begin PBXProject section */
		FBAD2E5F1E2BF8D4008207C0 /* Project object */ = {
			isa = PBXProject;
			attributes = {
				LastSwiftUpdateCheck = 0820;
				LastUpgradeCheck = 0820;
				ORGANIZATIONNAME = "Harvard Division of Continuing Education";
				TargetAttributes = {
					FBAD2E661E2BF8D4008207C0 = {
						CreatedOnToolsVersion = 8.2.1;
						DevelopmentTeam = NK39MWSLZJ;
						ProvisioningStyle = Automatic;
					};
				};
			};
			buildConfigurationList = FBAD2E621E2BF8D4008207C0 /* Build configuration list for PBXProject "Assignment1" */;
			compatibilityVersion = "Xcode 3.2";
			developmentRegion = English;
			hasScannedForEncodings = 0;
			knownRegions = (
				en,
				Base,
			);
			mainGroup = FBAD2E5E1E2BF8D4008207C0;
			productRefGroup = FBAD2E681E2BF8D4008207C0 /* Products */;
			projectDirPath = "";
			projectRoot = "";
			targets = (
				FBAD2E661E2BF8D4008207C0 /* Assignment1 */,
			);
		};
/* End PBXProject section */

/* Begin PBXResourcesBuildPhase section */
		FBAD2E651E2BF8D4008207C0 /* Resources */ = {
			isa = PBXResourcesBuildPhase;
			buildActionMask = 2147483647;
			files = (
				FBAD2E771E2BF8D4008207C0 /* LaunchScreen.storyboard in Resources */,
				FBAD2E741E2BF8D4008207C0 /* Assets.xcassets in Resources */,
				FBAD2E721E2BF8D4008207C0 /* Main.storyboard in Resources */,
				FBAD2EEE1E3E745A008207C0 /* Assignment1.rtf in Resources */,
			);
			runOnlyForDeploymentPostprocessing = 0;
		};
/* End PBXResourcesBuildPhase section */

/* Begin PBXSourcesBuildPhase section */
		FBAD2E631E2BF8D4008207C0 /* Sources */ = {
			isa = PBXSourcesBuildPhase;
			buildActionMask = 2147483647;
			files = (
				FBAD2E6F1E2BF8D4008207C0 /* InstrumentationViewController.swift in Sources */,
				FBAD2E6B1E2BF8D4008207C0 /* AppDelegate.swift in Sources */,
				FBAD2E6D1E2BF8D4008207C0 /* SimulationViewController.swift in Sources */,
			);
			runOnlyForDeploymentPostprocessing = 0;
		};
/* End PBXSourcesBuildPhase section */

/* Begin PBXVariantGroup section */
		FBAD2E701E2BF8D4008207C0 /* Main.storyboard */ = {
			isa = PBXVariantGroup;
			children = (
				FBAD2E711E2BF8D4008207C0 /* Base */,
			);
			name = Main.storyboard;
			sourceTree = "<group>";
		};
		FBAD2E751E2BF8D4008207C0 /* LaunchScreen.storyboard */ = {
			isa = PBXVariantGroup;
			children = (
				FBAD2E761E2BF8D4008207C0 /* Base */,
			);
			name = LaunchScreen.storyboard;
			sourceTree = "<group>";
		};
/* End PBXVariantGroup section */

/* Begin XCBuildConfiguration section */
		FBAD2E791E2BF8D4008207C0 /* Debug */ = {
			isa = XCBuildConfiguration;
			buildSettings = {
				ALWAYS_SEARCH_USER_PATHS = NO;
				CLANG_ANALYZER_NONNULL = YES;
				CLANG_CXX_LANGUAGE_STANDARD = "gnu++0x";
				CLANG_CXX_LIBRARY = "libc++";
				CLANG_ENABLE_MODULES = YES;
				CLANG_ENABLE_OBJC_ARC = YES;
				CLANG_WARN_BOOL_CONVERSION = YES;
				CLANG_WARN_CONSTANT_CONVERSION = YES;
				CLANG_WARN_DIRECT_OBJC_ISA_USAGE = YES_ERROR;
				CLANG_WARN_DOCUMENTATION_COMMENTS = YES;
				CLANG_WARN_EMPTY_BODY = YES;
				CLANG_WARN_ENUM_CONVERSION = YES;
				CLANG_WARN_INFINITE_RECURSION = YES;
				CLANG_WARN_INT_CONVERSION = YES;
				CLANG_WARN_OBJC_ROOT_CLASS = YES_ERROR;
				CLANG_WARN_SUSPICIOUS_MOVE = YES;
				CLANG_WARN_UNREACHABLE_CODE = YES;
				CLANG_WARN__DUPLICATE_METHOD_MATCH = YES;
				"CODE_SIGN_IDENTITY[sdk=iphoneos*]" = "iPhone Developer";
				COPY_PHASE_STRIP = NO;
				DEBUG_INFORMATION_FORMAT = dwarf;
				ENABLE_STRICT_OBJC_MSGSEND = YES;
				ENABLE_TESTABILITY = YES;
				GCC_C_LANGUAGE_STANDARD = gnu99;
				GCC_DYNAMIC_NO_PIC = NO;
				GCC_NO_COMMON_BLOCKS = YES;
				GCC_OPTIMIZATION_LEVEL = 0;
				GCC_PREPROCESSOR_DEFINITIONS = (
					"DEBUG=1",
					"$(inherited)",
				);
				GCC_WARN_64_TO_32_BIT_CONVERSION = YES;
				GCC_WARN_ABOUT_RETURN_TYPE = YES_ERROR;
				GCC_WARN_UNDECLARED_SELECTOR = YES;
				GCC_WARN_UNINITIALIZED_AUTOS = YES_AGGRESSIVE;
				GCC_WARN_UNUSED_FUNCTION = YES;
				GCC_WARN_UNUSED_VARIABLE = YES;
				IPHONEOS_DEPLOYMENT_TARGET = 10.2;
				MTL_ENABLE_DEBUG_INFO = YES;
				ONLY_ACTIVE_ARCH = YES;
				SDKROOT = iphoneos;
				SWIFT_ACTIVE_COMPILATION_CONDITIONS = DEBUG;
				SWIFT_OPTIMIZATION_LEVEL = "-Onone";
				TARGETED_DEVICE_FAMILY = "1,2";
			};
			name = Debug;
		};
		FBAD2E7A1E2BF8D4008207C0 /* Release */ = {
			isa = XCBuildConfiguration;
			buildSettings = {
				ALWAYS_SEARCH_USER_PATHS = NO;
				CLANG_ANALYZER_NONNULL = YES;
				CLANG_CXX_LANGUAGE_STANDARD = "gnu++0x";
				CLANG_CXX_LIBRARY = "libc++";
				CLANG_ENABLE_MODULES = YES;
				CLANG_ENABLE_OBJC_ARC = YES;
				CLANG_WARN_BOOL_CONVERSION = YES;
				CLANG_WARN_CONSTANT_CONVERSION = YES;
				CLANG_WARN_DIRECT_OBJC_ISA_USAGE = YES_ERROR;
				CLANG_WARN_DOCUMENTATION_COMMENTS = YES;
				CLANG_WARN_EMPTY_BODY = YES;
				CLANG_WARN_ENUM_CONVERSION = YES;
				CLANG_WARN_INFINITE_RECURSION = YES;
				CLANG_WARN_INT_CONVERSION = YES;
				CLANG_WARN_OBJC_ROOT_CLASS = YES_ERROR;
				CLANG_WARN_SUSPICIOUS_MOVE = YES;
				CLANG_WARN_UNREACHABLE_CODE = YES;
				CLANG_WARN__DUPLICATE_METHOD_MATCH = YES;
				"CODE_SIGN_IDENTITY[sdk=iphoneos*]" = "iPhone Developer";
				COPY_PHASE_STRIP = NO;
				DEBUG_INFORMATION_FORMAT = "dwarf-with-dsym";
				ENABLE_NS_ASSERTIONS = NO;
				ENABLE_STRICT_OBJC_MSGSEND = YES;
				GCC_C_LANGUAGE_STANDARD = gnu99;
				GCC_NO_COMMON_BLOCKS = YES;
				GCC_WARN_64_TO_32_BIT_CONVERSION = YES;
				GCC_WARN_ABOUT_RETURN_TYPE = YES_ERROR;
				GCC_WARN_UNDECLARED_SELECTOR = YES;
				GCC_WARN_UNINITIALIZED_AUTOS = YES_AGGRESSIVE;
				GCC_WARN_UNUSED_FUNCTION = YES;
				GCC_WARN_UNUSED_VARIABLE = YES;
				IPHONEOS_DEPLOYMENT_TARGET = 10.2;
				MTL_ENABLE_DEBUG_INFO = NO;
				SDKROOT = iphoneos;
				SWIFT_OPTIMIZATION_LEVEL = "-Owholemodule";
				TARGETED_DEVICE_FAMILY = "1,2";
				VALIDATE_PRODUCT = YES;
			};
			name = Release;
		};
		FBAD2E7C1E2BF8D4008207C0 /* Debug */ = {
			isa = XCBuildConfiguration;
			buildSettings = {
				ASSETCATALOG_COMPILER_APPICON_NAME = AppIcon;
				DEVELOPMENT_TEAM = NK39MWSLZJ;
				INFOPLIST_FILE = Assignment1/Info.plist;
				LD_RUNPATH_SEARCH_PATHS = "$(inherited) @executable_path/Frameworks";
				PRODUCT_BUNDLE_IDENTIFIER = edu.harvard.Assignment1;
				PRODUCT_NAME = "$(TARGET_NAME)";
				SWIFT_VERSION = 3.0;
			};
			name = Debug;
		};
		FBAD2E7D1E2BF8D4008207C0 /* Release */ = {
			isa = XCBuildConfiguration;
			buildSettings = {
				ASSETCATALOG_COMPILER_APPICON_NAME = AppIcon;
				DEVELOPMENT_TEAM = NK39MWSLZJ;
				INFOPLIST_FILE = Assignment1/Info.plist;
				LD_RUNPATH_SEARCH_PATHS = "$(inherited) @executable_path/Frameworks";
				PRODUCT_BUNDLE_IDENTIFIER = edu.harvard.Assignment1;
				PRODUCT_NAME = "$(TARGET_NAME)";
				SWIFT_VERSION = 3.0;
			};
			name = Release;
		};
/* End XCBuildConfiguration section */

/* Begin XCConfigurationList section */
		FBAD2E621E2BF8D4008207C0 /* Build configuration list for PBXProject "Assignment1" */ = {
			isa = XCConfigurationList;
			buildConfigurations = (
				FBAD2E791E2BF8D4008207C0 /* Debug */,
				FBAD2E7A1E2BF8D4008207C0 /* Release */,
			);
			defaultConfigurationIsVisible = 0;
			defaultConfigurationName = Release;
		};
		FBAD2E7B1E2BF8D4008207C0 /* Build configuration list for PBXNativeTarget "Assignment1" */ = {
			isa = XCConfigurationList;
			buildConfigurations = (
				FBAD2E7C1E2BF8D4008207C0 /* Debug */,
				FBAD2E7D1E2BF8D4008207C0 /* Release */,
			);
			defaultConfigurationIsVisible = 0;
			defaultConfigurationName = Release;
		};
/* End XCConfigurationList section */
	};
	rootObject = FBAD2E5F1E2BF8D4008207C0 /* Project object */;
}
